// !$*UTF8*$!
{
	archiveVersion = 1;
	classes = {
	};
	objectVersion = 52;
	objects = {

/* Begin PBXBuildFile section */
		022B6190285FEAE3004DB346 /* Start.swift in Sources */ = {isa = PBXBuildFile; fileRef = 022B618F285FEAE3004DB346 /* Start.swift */; };
		022B6198285FF122004DB346 /* BackgroundView.swift in Sources */ = {isa = PBXBuildFile; fileRef = 022B6197285FF122004DB346 /* BackgroundView.swift */; };
		022B619C28649B36004DB346 /* CardUIView.swift in Sources */ = {isa = PBXBuildFile; fileRef = 022B619B28649B36004DB346 /* CardUIView.swift */; };
		022B61A028649B97004DB346 /* HeaderView.swift in Sources */ = {isa = PBXBuildFile; fileRef = 022B619F28649B97004DB346 /* HeaderView.swift */; };
		022B61A428649BD8004DB346 /* HealthView.swift in Sources */ = {isa = PBXBuildFile; fileRef = 022B61A328649BD8004DB346 /* HealthView.swift */; };
		022B61A82864B50A004DB346 /* SheildView.swift in Sources */ = {isa = PBXBuildFile; fileRef = 022B61A72864B509004DB346 /* SheildView.swift */; };
		025B8D7A29172A8500ED5174 /* ComposableArchitecture in Frameworks */ = {isa = PBXBuildFile; productRef = 025B8D7929172A8500ED5174 /* ComposableArchitecture */; };
		02BAB2E2292FF0390039BFB2 /* MainMenuView.swift in Sources */ = {isa = PBXBuildFile; fileRef = 02BAB2E1292FF0390039BFB2 /* MainMenuView.swift */; };
		02BDC6FC280CD14E0043E763 /* DonsolTests.swift in Sources */ = {isa = PBXBuildFile; fileRef = 02BDC6FB280CD14E0043E763 /* DonsolTests.swift */; };
		02CD3EFF291823CC001469C1 /* ComposableGameView.swift in Sources */ = {isa = PBXBuildFile; fileRef = 02CD3EFE291823CC001469C1 /* ComposableGameView.swift */; };
		02CD3F01291AEF99001469C1 /* ComposableUIElements.swift in Sources */ = {isa = PBXBuildFile; fileRef = 02CD3F00291AEF98001469C1 /* ComposableUIElements.swift */; };
		02CEFF5B27F89FB300624101 /* DonsolApp.swift in Sources */ = {isa = PBXBuildFile; fileRef = 02CEFF5A27F89FB300624101 /* DonsolApp.swift */; };
		02CEFF5D27F89FB300624101 /* GameView.swift in Sources */ = {isa = PBXBuildFile; fileRef = 02CEFF5C27F89FB300624101 /* GameView.swift */; };
		02CEFF5F27F89FB600624101 /* Assets.xcassets in Resources */ = {isa = PBXBuildFile; fileRef = 02CEFF5E27F89FB600624101 /* Assets.xcassets */; };
		02CEFF6227F89FB600624101 /* Preview Assets.xcassets in Resources */ = {isa = PBXBuildFile; fileRef = 02CEFF6127F89FB600624101 /* Preview Assets.xcassets */; };
		02CEFF6B27F8A01F00624101 /* Card.swift in Sources */ = {isa = PBXBuildFile; fileRef = 02CEFF6A27F8A01F00624101 /* Card.swift */; };
		02CEFF6E27F8A23400624101 /* Game.swift in Sources */ = {isa = PBXBuildFile; fileRef = 02CEFF6D27F8A23400624101 /* Game.swift */; };
		02E50D9229170680003657E9 /* DonsolGameComponent.swift in Sources */ = {isa = PBXBuildFile; fileRef = 02E50D9129170680003657E9 /* DonsolGameComponent.swift */; };
/* End PBXBuildFile section */

/* Begin PBXContainerItemProxy section */
		02BDC6FE280CD14E0043E763 /* PBXContainerItemProxy */ = {
			isa = PBXContainerItemProxy;
			containerPortal = 02CEFF4F27F89FB300624101 /* Project object */;
			proxyType = 1;
			remoteGlobalIDString = 02CEFF5627F89FB300624101;
			remoteInfo = Donsol;
		};
/* End PBXContainerItemProxy section */

/* Begin PBXFileReference section */
		022B618F285FEAE3004DB346 /* Start.swift */ = {isa = PBXFileReference; lastKnownFileType = sourcecode.swift; path = Start.swift; sourceTree = "<group>"; };
		022B6197285FF122004DB346 /* BackgroundView.swift */ = {isa = PBXFileReference; lastKnownFileType = sourcecode.swift; path = BackgroundView.swift; sourceTree = "<group>"; };
		022B619B28649B36004DB346 /* CardUIView.swift */ = {isa = PBXFileReference; lastKnownFileType = sourcecode.swift; path = CardUIView.swift; sourceTree = "<group>"; };
		022B619F28649B97004DB346 /* HeaderView.swift */ = {isa = PBXFileReference; lastKnownFileType = sourcecode.swift; path = HeaderView.swift; sourceTree = "<group>"; };
		022B61A328649BD8004DB346 /* HealthView.swift */ = {isa = PBXFileReference; lastKnownFileType = sourcecode.swift; path = HealthView.swift; sourceTree = "<group>"; };
		022B61A72864B509004DB346 /* SheildView.swift */ = {isa = PBXFileReference; lastKnownFileType = sourcecode.swift; path = SheildView.swift; sourceTree = "<group>"; };
		02BAB2E1292FF0390039BFB2 /* MainMenuView.swift */ = {isa = PBXFileReference; lastKnownFileType = sourcecode.swift; path = MainMenuView.swift; sourceTree = "<group>"; };
		02BDC6F9280CD14E0043E763 /* DonsolTests.xctest */ = {isa = PBXFileReference; explicitFileType = wrapper.cfbundle; includeInIndex = 0; path = DonsolTests.xctest; sourceTree = BUILT_PRODUCTS_DIR; };
		02BDC6FB280CD14E0043E763 /* DonsolTests.swift */ = {isa = PBXFileReference; lastKnownFileType = sourcecode.swift; path = DonsolTests.swift; sourceTree = "<group>"; };
		02BDC6FD280CD14E0043E763 /* Info.plist */ = {isa = PBXFileReference; lastKnownFileType = text.plist.xml; path = Info.plist; sourceTree = "<group>"; };
		02CD3EFE291823CC001469C1 /* ComposableGameView.swift */ = {isa = PBXFileReference; lastKnownFileType = sourcecode.swift; path = ComposableGameView.swift; sourceTree = "<group>"; };
		02CD3F00291AEF98001469C1 /* ComposableUIElements.swift */ = {isa = PBXFileReference; lastKnownFileType = sourcecode.swift; path = ComposableUIElements.swift; sourceTree = "<group>"; };
		02CEFF5727F89FB300624101 /* Donsol.app */ = {isa = PBXFileReference; explicitFileType = wrapper.application; includeInIndex = 0; path = Donsol.app; sourceTree = BUILT_PRODUCTS_DIR; };
		02CEFF5A27F89FB300624101 /* DonsolApp.swift */ = {isa = PBXFileReference; lastKnownFileType = sourcecode.swift; path = DonsolApp.swift; sourceTree = "<group>"; };
		02CEFF5C27F89FB300624101 /* GameView.swift */ = {isa = PBXFileReference; lastKnownFileType = sourcecode.swift; path = GameView.swift; sourceTree = "<group>"; };
		02CEFF5E27F89FB600624101 /* Assets.xcassets */ = {isa = PBXFileReference; lastKnownFileType = folder.assetcatalog; path = Assets.xcassets; sourceTree = "<group>"; };
		02CEFF6127F89FB600624101 /* Preview Assets.xcassets */ = {isa = PBXFileReference; lastKnownFileType = folder.assetcatalog; path = "Preview Assets.xcassets"; sourceTree = "<group>"; };
		02CEFF6327F89FB600624101 /* Info.plist */ = {isa = PBXFileReference; lastKnownFileType = text.plist.xml; path = Info.plist; sourceTree = "<group>"; };
		02CEFF6A27F8A01F00624101 /* Card.swift */ = {isa = PBXFileReference; lastKnownFileType = sourcecode.swift; path = Card.swift; sourceTree = "<group>"; };
		02CEFF6D27F8A23400624101 /* Game.swift */ = {isa = PBXFileReference; lastKnownFileType = sourcecode.swift; path = Game.swift; sourceTree = "<group>"; };
		02E50D9129170680003657E9 /* DonsolGameComponent.swift */ = {isa = PBXFileReference; lastKnownFileType = sourcecode.swift; path = DonsolGameComponent.swift; sourceTree = "<group>"; };
/* End PBXFileReference section */

/* Begin PBXFrameworksBuildPhase section */
		02BDC6F6280CD14E0043E763 /* Frameworks */ = {
			isa = PBXFrameworksBuildPhase;
			buildActionMask = 2147483647;
			files = (
			);
			runOnlyForDeploymentPostprocessing = 0;
		};
		02CEFF5427F89FB300624101 /* Frameworks */ = {
			isa = PBXFrameworksBuildPhase;
			buildActionMask = 2147483647;
			files = (
				025B8D7A29172A8500ED5174 /* ComposableArchitecture in Frameworks */,
			);
			runOnlyForDeploymentPostprocessing = 0;
		};
/* End PBXFrameworksBuildPhase section */

/* Begin PBXGroup section */
		02BDC6FA280CD14E0043E763 /* DonsolTests */ = {
			isa = PBXGroup;
			children = (
				02BDC6FB280CD14E0043E763 /* DonsolTests.swift */,
				02BDC6FD280CD14E0043E763 /* Info.plist */,
			);
			path = DonsolTests;
			sourceTree = "<group>";
		};
		02CEFF4E27F89FB300624101 = {
			isa = PBXGroup;
			children = (
				02CEFF5927F89FB300624101 /* Donsol */,
				02BDC6FA280CD14E0043E763 /* DonsolTests */,
				02CEFF5827F89FB300624101 /* Products */,
			);
			sourceTree = "<group>";
		};
		02CEFF5827F89FB300624101 /* Products */ = {
			isa = PBXGroup;
			children = (
				02CEFF5727F89FB300624101 /* Donsol.app */,
				02BDC6F9280CD14E0043E763 /* DonsolTests.xctest */,
			);
			name = Products;
			sourceTree = "<group>";
		};
		02CEFF5927F89FB300624101 /* Donsol */ = {
			isa = PBXGroup;
			children = (
				02CEFF5A27F89FB300624101 /* DonsolApp.swift */,
				02CEFF6A27F8A01F00624101 /* Card.swift */,
				02CEFF6D27F8A23400624101 /* Game.swift */,
				02CEFF5C27F89FB300624101 /* GameView.swift */,
				02E50D9129170680003657E9 /* DonsolGameComponent.swift */,
				02CD3EFE291823CC001469C1 /* ComposableGameView.swift */,
				02BAB2E1292FF0390039BFB2 /* MainMenuView.swift */,
				02CD3F00291AEF98001469C1 /* ComposableUIElements.swift */,
				022B61A328649BD8004DB346 /* HealthView.swift */,
				022B619F28649B97004DB346 /* HeaderView.swift */,
				022B61A72864B509004DB346 /* SheildView.swift */,
				022B619B28649B36004DB346 /* CardUIView.swift */,
				022B618F285FEAE3004DB346 /* Start.swift */,
				022B6197285FF122004DB346 /* BackgroundView.swift */,
				02CEFF5E27F89FB600624101 /* Assets.xcassets */,
				02CEFF6327F89FB600624101 /* Info.plist */,
				02CEFF6027F89FB600624101 /* Preview Content */,
			);
			path = Donsol;
			sourceTree = "<group>";
		};
		02CEFF6027F89FB600624101 /* Preview Content */ = {
			isa = PBXGroup;
			children = (
				02CEFF6127F89FB600624101 /* Preview Assets.xcassets */,
			);
			path = "Preview Content";
			sourceTree = "<group>";
		};
/* End PBXGroup section */

/* Begin PBXNativeTarget section */
		02BDC6F8280CD14E0043E763 /* DonsolTests */ = {
			isa = PBXNativeTarget;
			buildConfigurationList = 02BDC702280CD14E0043E763 /* Build configuration list for PBXNativeTarget "DonsolTests" */;
			buildPhases = (
				02BDC6F5280CD14E0043E763 /* Sources */,
				02BDC6F6280CD14E0043E763 /* Frameworks */,
				02BDC6F7280CD14E0043E763 /* Resources */,
			);
			buildRules = (
			);
			dependencies = (
				02BDC6FF280CD14E0043E763 /* PBXTargetDependency */,
			);
			name = DonsolTests;
			productName = DonsolTests;
			productReference = 02BDC6F9280CD14E0043E763 /* DonsolTests.xctest */;
			productType = "com.apple.product-type.bundle.unit-test";
		};
		02CEFF5627F89FB300624101 /* Donsol */ = {
			isa = PBXNativeTarget;
			buildConfigurationList = 02CEFF6627F89FB600624101 /* Build configuration list for PBXNativeTarget "Donsol" */;
			buildPhases = (
				02CEFF5327F89FB300624101 /* Sources */,
				02CEFF5427F89FB300624101 /* Frameworks */,
				02CEFF5527F89FB300624101 /* Resources */,
			);
			buildRules = (
			);
			dependencies = (
			);
			name = Donsol;
			packageProductDependencies = (
				025B8D7929172A8500ED5174 /* ComposableArchitecture */,
			);
			productName = Donsol;
			productReference = 02CEFF5727F89FB300624101 /* Donsol.app */;
			productType = "com.apple.product-type.application";
		};
/* End PBXNativeTarget section */

/* Begin PBXProject section */
		02CEFF4F27F89FB300624101 /* Project object */ = {
			isa = PBXProject;
			attributes = {
				LastSwiftUpdateCheck = 1210;
				LastUpgradeCheck = 1210;
				TargetAttributes = {
					02BDC6F8280CD14E0043E763 = {
						CreatedOnToolsVersion = 12.1;
						TestTargetID = 02CEFF5627F89FB300624101;
					};
					02CEFF5627F89FB300624101 = {
						CreatedOnToolsVersion = 12.1;
					};
				};
			};
			buildConfigurationList = 02CEFF5227F89FB300624101 /* Build configuration list for PBXProject "Donsol" */;
			compatibilityVersion = "Xcode 9.3";
			developmentRegion = en;
			hasScannedForEncodings = 0;
			knownRegions = (
				en,
				Base,
			);
			mainGroup = 02CEFF4E27F89FB300624101;
			packageReferences = (
				025B8D7829172A8500ED5174 /* XCRemoteSwiftPackageReference "swift-composable-architecture" */,
			);
			productRefGroup = 02CEFF5827F89FB300624101 /* Products */;
			projectDirPath = "";
			projectRoot = "";
			targets = (
				02CEFF5627F89FB300624101 /* Donsol */,
				02BDC6F8280CD14E0043E763 /* DonsolTests */,
			);
		};
/* End PBXProject section */

/* Begin PBXResourcesBuildPhase section */
		02BDC6F7280CD14E0043E763 /* Resources */ = {
			isa = PBXResourcesBuildPhase;
			buildActionMask = 2147483647;
			files = (
			);
			runOnlyForDeploymentPostprocessing = 0;
		};
		02CEFF5527F89FB300624101 /* Resources */ = {
			isa = PBXResourcesBuildPhase;
			buildActionMask = 2147483647;
			files = (
				02CEFF6227F89FB600624101 /* Preview Assets.xcassets in Resources */,
				02CEFF5F27F89FB600624101 /* Assets.xcassets in Resources */,
			);
			runOnlyForDeploymentPostprocessing = 0;
		};
/* End PBXResourcesBuildPhase section */

/* Begin PBXSourcesBuildPhase section */
		02BDC6F5280CD14E0043E763 /* Sources */ = {
			isa = PBXSourcesBuildPhase;
			buildActionMask = 2147483647;
			files = (
				02BDC6FC280CD14E0043E763 /* DonsolTests.swift in Sources */,
			);
			runOnlyForDeploymentPostprocessing = 0;
		};
		02CEFF5327F89FB300624101 /* Sources */ = {
			isa = PBXSourcesBuildPhase;
			buildActionMask = 2147483647;
			files = (
				022B6198285FF122004DB346 /* BackgroundView.swift in Sources */,
				022B619C28649B36004DB346 /* CardUIView.swift in Sources */,
				02CEFF5D27F89FB300624101 /* GameView.swift in Sources */,
				02CEFF6B27F8A01F00624101 /* Card.swift in Sources */,
				022B6190285FEAE3004DB346 /* Start.swift in Sources */,
				02CEFF5B27F89FB300624101 /* DonsolApp.swift in Sources */,
				022B61A428649BD8004DB346 /* HealthView.swift in Sources */,
				02CD3F01291AEF99001469C1 /* ComposableUIElements.swift in Sources */,
				02BAB2E2292FF0390039BFB2 /* MainMenuView.swift in Sources */,
				02CEFF6E27F8A23400624101 /* Game.swift in Sources */,
				022B61A028649B97004DB346 /* HeaderView.swift in Sources */,
				02CD3EFF291823CC001469C1 /* ComposableGameView.swift in Sources */,
				02E50D9229170680003657E9 /* DonsolGameComponent.swift in Sources */,
				022B61A82864B50A004DB346 /* SheildView.swift in Sources */,
			);
			runOnlyForDeploymentPostprocessing = 0;
		};
/* End PBXSourcesBuildPhase section */

/* Begin PBXTargetDependency section */
		02BDC6FF280CD14E0043E763 /* PBXTargetDependency */ = {
			isa = PBXTargetDependency;
			target = 02CEFF5627F89FB300624101 /* Donsol */;
			targetProxy = 02BDC6FE280CD14E0043E763 /* PBXContainerItemProxy */;
		};
/* End PBXTargetDependency section */

/* Begin XCBuildConfiguration section */
		02BDC700280CD14E0043E763 /* Debug */ = {
			isa = XCBuildConfiguration;
			buildSettings = {
				BUNDLE_LOADER = "$(TEST_HOST)";
				CODE_SIGN_STYLE = Automatic;
				INFOPLIST_FILE = DonsolTests/Info.plist;
				LD_RUNPATH_SEARCH_PATHS = (
					"$(inherited)",
					"@executable_path/Frameworks",
					"@loader_path/Frameworks",
				);
				PRODUCT_BUNDLE_IDENTIFIER = milescumiskey.DonsolTests;
				PRODUCT_NAME = "$(TARGET_NAME)";
				SWIFT_VERSION = 5.0;
				TARGETED_DEVICE_FAMILY = "1,2";
				TEST_HOST = "$(BUILT_PRODUCTS_DIR)/Donsol.app/Donsol";
			};
			name = Debug;
		};
		02BDC701280CD14E0043E763 /* Release */ = {
			isa = XCBuildConfiguration;
			buildSettings = {
				BUNDLE_LOADER = "$(TEST_HOST)";
				CODE_SIGN_STYLE = Automatic;
				INFOPLIST_FILE = DonsolTests/Info.plist;
				LD_RUNPATH_SEARCH_PATHS = (
					"$(inherited)",
					"@executable_path/Frameworks",
					"@loader_path/Frameworks",
				);
				PRODUCT_BUNDLE_IDENTIFIER = milescumiskey.DonsolTests;
				PRODUCT_NAME = "$(TARGET_NAME)";
				SWIFT_VERSION = 5.0;
				TARGETED_DEVICE_FAMILY = "1,2";
				TEST_HOST = "$(BUILT_PRODUCTS_DIR)/Donsol.app/Donsol";
			};
			name = Release;
		};
		02CEFF6427F89FB600624101 /* Debug */ = {
			isa = XCBuildConfiguration;
			buildSettings = {
				ALWAYS_SEARCH_USER_PATHS = NO;
				CLANG_ANALYZER_NONNULL = YES;
				CLANG_ANALYZER_NUMBER_OBJECT_CONVERSION = YES_AGGRESSIVE;
				CLANG_CXX_LANGUAGE_STANDARD = "gnu++14";
				CLANG_CXX_LIBRARY = "libc++";
				CLANG_ENABLE_MODULES = YES;
				CLANG_ENABLE_OBJC_ARC = YES;
				CLANG_ENABLE_OBJC_WEAK = YES;
				CLANG_WARN_BLOCK_CAPTURE_AUTORELEASING = YES;
				CLANG_WARN_BOOL_CONVERSION = YES;
				CLANG_WARN_COMMA = YES;
				CLANG_WARN_CONSTANT_CONVERSION = YES;
				CLANG_WARN_DEPRECATED_OBJC_IMPLEMENTATIONS = YES;
				CLANG_WARN_DIRECT_OBJC_ISA_USAGE = YES_ERROR;
				CLANG_WARN_DOCUMENTATION_COMMENTS = YES;
				CLANG_WARN_EMPTY_BODY = YES;
				CLANG_WARN_ENUM_CONVERSION = YES;
				CLANG_WARN_INFINITE_RECURSION = YES;
				CLANG_WARN_INT_CONVERSION = YES;
				CLANG_WARN_NON_LITERAL_NULL_CONVERSION = YES;
				CLANG_WARN_OBJC_IMPLICIT_RETAIN_SELF = YES;
				CLANG_WARN_OBJC_LITERAL_CONVERSION = YES;
				CLANG_WARN_OBJC_ROOT_CLASS = YES_ERROR;
				CLANG_WARN_QUOTED_INCLUDE_IN_FRAMEWORK_HEADER = YES;
				CLANG_WARN_RANGE_LOOP_ANALYSIS = YES;
				CLANG_WARN_STRICT_PROTOTYPES = YES;
				CLANG_WARN_SUSPICIOUS_MOVE = YES;
				CLANG_WARN_UNGUARDED_AVAILABILITY = YES_AGGRESSIVE;
				CLANG_WARN_UNREACHABLE_CODE = YES;
				CLANG_WARN__DUPLICATE_METHOD_MATCH = YES;
				COPY_PHASE_STRIP = NO;
				DEBUG_INFORMATION_FORMAT = dwarf;
				ENABLE_STRICT_OBJC_MSGSEND = YES;
				ENABLE_TESTABILITY = YES;
				GCC_C_LANGUAGE_STANDARD = gnu11;
				GCC_DYNAMIC_NO_PIC = NO;
				GCC_NO_COMMON_BLOCKS = YES;
				GCC_OPTIMIZATION_LEVEL = 0;
				GCC_PREPROCESSOR_DEFINITIONS = (
					"DEBUG=1",
					"$(inherited)",
				);
				GCC_WARN_64_TO_32_BIT_CONVERSION = YES;
				GCC_WARN_ABOUT_RETURN_TYPE = YES_ERROR;
				GCC_WARN_UNDECLARED_SELECTOR = YES;
				GCC_WARN_UNINITIALIZED_AUTOS = YES_AGGRESSIVE;
				GCC_WARN_UNUSED_FUNCTION = YES;
				GCC_WARN_UNUSED_VARIABLE = YES;
				IPHONEOS_DEPLOYMENT_TARGET = 14.1;
				MTL_ENABLE_DEBUG_INFO = INCLUDE_SOURCE;
				MTL_FAST_MATH = YES;
				ONLY_ACTIVE_ARCH = YES;
				SDKROOT = iphoneos;
				SWIFT_ACTIVE_COMPILATION_CONDITIONS = DEBUG;
				SWIFT_OPTIMIZATION_LEVEL = "-Onone";
			};
			name = Debug;
		};
		02CEFF6527F89FB600624101 /* Release */ = {
			isa = XCBuildConfiguration;
			buildSettings = {
				ALWAYS_SEARCH_USER_PATHS = NO;
				CLANG_ANALYZER_NONNULL = YES;
				CLANG_ANALYZER_NUMBER_OBJECT_CONVERSION = YES_AGGRESSIVE;
				CLANG_CXX_LANGUAGE_STANDARD = "gnu++14";
				CLANG_CXX_LIBRARY = "libc++";
				CLANG_ENABLE_MODULES = YES;
				CLANG_ENABLE_OBJC_ARC = YES;
				CLANG_ENABLE_OBJC_WEAK = YES;
				CLANG_WARN_BLOCK_CAPTURE_AUTORELEASING = YES;
				CLANG_WARN_BOOL_CONVERSION = YES;
				CLANG_WARN_COMMA = YES;
				CLANG_WARN_CONSTANT_CONVERSION = YES;
				CLANG_WARN_DEPRECATED_OBJC_IMPLEMENTATIONS = YES;
				CLANG_WARN_DIRECT_OBJC_ISA_USAGE = YES_ERROR;
				CLANG_WARN_DOCUMENTATION_COMMENTS = YES;
				CLANG_WARN_EMPTY_BODY = YES;
				CLANG_WARN_ENUM_CONVERSION = YES;
				CLANG_WARN_INFINITE_RECURSION = YES;
				CLANG_WARN_INT_CONVERSION = YES;
				CLANG_WARN_NON_LITERAL_NULL_CONVERSION = YES;
				CLANG_WARN_OBJC_IMPLICIT_RETAIN_SELF = YES;
				CLANG_WARN_OBJC_LITERAL_CONVERSION = YES;
				CLANG_WARN_OBJC_ROOT_CLASS = YES_ERROR;
				CLANG_WARN_QUOTED_INCLUDE_IN_FRAMEWORK_HEADER = YES;
				CLANG_WARN_RANGE_LOOP_ANALYSIS = YES;
				CLANG_WARN_STRICT_PROTOTYPES = YES;
				CLANG_WARN_SUSPICIOUS_MOVE = YES;
				CLANG_WARN_UNGUARDED_AVAILABILITY = YES_AGGRESSIVE;
				CLANG_WARN_UNREACHABLE_CODE = YES;
				CLANG_WARN__DUPLICATE_METHOD_MATCH = YES;
				COPY_PHASE_STRIP = NO;
				DEBUG_INFORMATION_FORMAT = "dwarf-with-dsym";
				ENABLE_NS_ASSERTIONS = NO;
				ENABLE_STRICT_OBJC_MSGSEND = YES;
				GCC_C_LANGUAGE_STANDARD = gnu11;
				GCC_NO_COMMON_BLOCKS = YES;
				GCC_WARN_64_TO_32_BIT_CONVERSION = YES;
				GCC_WARN_ABOUT_RETURN_TYPE = YES_ERROR;
				GCC_WARN_UNDECLARED_SELECTOR = YES;
				GCC_WARN_UNINITIALIZED_AUTOS = YES_AGGRESSIVE;
				GCC_WARN_UNUSED_FUNCTION = YES;
				GCC_WARN_UNUSED_VARIABLE = YES;
				IPHONEOS_DEPLOYMENT_TARGET = 14.1;
				MTL_ENABLE_DEBUG_INFO = NO;
				MTL_FAST_MATH = YES;
				SDKROOT = iphoneos;
				SWIFT_COMPILATION_MODE = wholemodule;
				SWIFT_OPTIMIZATION_LEVEL = "-O";
				VALIDATE_PRODUCT = YES;
			};
			name = Release;
		};
		02CEFF6727F89FB600624101 /* Debug */ = {
			isa = XCBuildConfiguration;
			buildSettings = {
				ASSETCATALOG_COMPILER_APPICON_NAME = AppIcon;
				ASSETCATALOG_COMPILER_GLOBAL_ACCENT_COLOR_NAME = AccentColor;
				CODE_SIGN_STYLE = Automatic;
				DEVELOPMENT_ASSET_PATHS = "\"Donsol/Preview Content\"";
				ENABLE_PREVIEWS = YES;
				INFOPLIST_FILE = Donsol/Info.plist;
				IPHONEOS_DEPLOYMENT_TARGET = 14.0;
				LD_RUNPATH_SEARCH_PATHS = (
					"$(inherited)",
					"@executable_path/Frameworks",
				);
				PRODUCT_BUNDLE_IDENTIFIER = milescumiskey.Donsol;
				PRODUCT_NAME = "$(TARGET_NAME)";
				SUPPORTED_PLATFORMS = "iphoneos iphonesimulator";
				SUPPORTS_MACCATALYST = NO;
				SUPPORTS_MAC_DESIGNED_FOR_IPHONE_IPAD = NO;
				SWIFT_VERSION = 5.0;
				TARGETED_DEVICE_FAMILY = 1;
			};
			name = Debug;
		};
		02CEFF6827F89FB600624101 /* Release */ = {
			isa = XCBuildConfiguration;
			buildSettings = {
				ASSETCATALOG_COMPILER_APPICON_NAME = AppIcon;
				ASSETCATALOG_COMPILER_GLOBAL_ACCENT_COLOR_NAME = AccentColor;
				CODE_SIGN_STYLE = Automatic;
				DEVELOPMENT_ASSET_PATHS = "\"Donsol/Preview Content\"";
				ENABLE_PREVIEWS = YES;
				INFOPLIST_FILE = Donsol/Info.plist;
				IPHONEOS_DEPLOYMENT_TARGET = 14.0;
				LD_RUNPATH_SEARCH_PATHS = (
					"$(inherited)",
					"@executable_path/Frameworks",
				);
				PRODUCT_BUNDLE_IDENTIFIER = milescumiskey.Donsol;
				PRODUCT_NAME = "$(TARGET_NAME)";
				SUPPORTED_PLATFORMS = "iphoneos iphonesimulator";
				SUPPORTS_MACCATALYST = NO;
				SUPPORTS_MAC_DESIGNED_FOR_IPHONE_IPAD = NO;
				SWIFT_VERSION = 5.0;
				TARGETED_DEVICE_FAMILY = 1;
			};
			name = Release;
		};
/* End XCBuildConfiguration section */

/* Begin XCConfigurationList section */
		02BDC702280CD14E0043E763 /* Build configuration list for PBXNativeTarget "DonsolTests" */ = {
			isa = XCConfigurationList;
			buildConfigurations = (
				02BDC700280CD14E0043E763 /* Debug */,
				02BDC701280CD14E0043E763 /* Release */,
			);
			defaultConfigurationIsVisible = 0;
			defaultConfigurationName = Release;
		};
		02CEFF5227F89FB300624101 /* Build configuration list for PBXProject "Donsol" */ = {
			isa = XCConfigurationList;
			buildConfigurations = (
				02CEFF6427F89FB600624101 /* Debug */,
				02CEFF6527F89FB600624101 /* Release */,
			);
			defaultConfigurationIsVisible = 0;
			defaultConfigurationName = Release;
		};
		02CEFF6627F89FB600624101 /* Build configuration list for PBXNativeTarget "Donsol" */ = {
			isa = XCConfigurationList;
			buildConfigurations = (
				02CEFF6727F89FB600624101 /* Debug */,
				02CEFF6827F89FB600624101 /* Release */,
			);
			defaultConfigurationIsVisible = 0;
			defaultConfigurationName = Release;
		};
/* End XCConfigurationList section */

/* Begin XCRemoteSwiftPackageReference section */
		025B8D7829172A8500ED5174 /* XCRemoteSwiftPackageReference "swift-composable-architecture" */ = {
			isa = XCRemoteSwiftPackageReference;
			repositoryURL = "https://github.com/pointfreeco/swift-composable-architecture";
			requirement = {
				kind = exactVersion;
				version = 0.39.1;
			};
		};
/* End XCRemoteSwiftPackageReference section */

/* Begin XCSwiftPackageProductDependency section */
		025B8D7929172A8500ED5174 /* ComposableArchitecture */ = {
			isa = XCSwiftPackageProductDependency;
			package = 025B8D7829172A8500ED5174 /* XCRemoteSwiftPackageReference "swift-composable-architecture" */;
			productName = ComposableArchitecture;
		};
/* End XCSwiftPackageProductDependency section */
	};
	rootObject = 02CEFF4F27F89FB300624101 /* Project object */;
}
